// !$*UTF8*$!
{
	archiveVersion = 1;
	classes = {
	};
	objectVersion = 46;
	objects = {

/* Begin PBXBuildFile section */
		AD371D061AD552FE00D44BAB /* BLParser.swift in Sources */ = {isa = PBXBuildFile; fileRef = AD371D051AD552FE00D44BAB /* BLParser.swift */; };
		AD6620501AB02E2F005126A6 /* AppDelegate.swift in Sources */ = {isa = PBXBuildFile; fileRef = AD66204F1AB02E2F005126A6 /* AppDelegate.swift */; };
		AD6620551AB02E2F005126A6 /* Main.storyboard in Resources */ = {isa = PBXBuildFile; fileRef = AD6620531AB02E2F005126A6 /* Main.storyboard */; };
		AD6620571AB02E2F005126A6 /* Images.xcassets in Resources */ = {isa = PBXBuildFile; fileRef = AD6620561AB02E2F005126A6 /* Images.xcassets */; };
		AD66205A1AB02E2F005126A6 /* LaunchScreen.xib in Resources */ = {isa = PBXBuildFile; fileRef = AD6620581AB02E2F005126A6 /* LaunchScreen.xib */; };
		AD6620661AB02E30005126A6 /* Buisness_LynchTests.swift in Sources */ = {isa = PBXBuildFile; fileRef = AD6620651AB02E30005126A6 /* Buisness_LynchTests.swift */; };
		AD746EF31AC3267600AB3939 /* BLViewController.swift in Sources */ = {isa = PBXBuildFile; fileRef = AD746EF21AC3267600AB3939 /* BLViewController.swift */; };
		ADC56F6A1AC6D201003B2FE0 /* TFHpple.m in Sources */ = {isa = PBXBuildFile; fileRef = ADC56F651AC6D201003B2FE0 /* TFHpple.m */; };
		ADC56F6B1AC6D201003B2FE0 /* TFHppleElement.m in Sources */ = {isa = PBXBuildFile; fileRef = ADC56F671AC6D201003B2FE0 /* TFHppleElement.m */; };
		ADC56F6C1AC6D201003B2FE0 /* XPathQuery.m in Sources */ = {isa = PBXBuildFile; fileRef = ADC56F691AC6D201003B2FE0 /* XPathQuery.m */; };
		ADC56F6E1AC6D2A6003B2FE0 /* libxml2.dylib in Frameworks */ = {isa = PBXBuildFile; fileRef = ADC56F6D1AC6D2A6003B2FE0 /* libxml2.dylib */; };
/* End PBXBuildFile section */

/* Begin PBXContainerItemProxy section */
		AD6620601AB02E30005126A6 /* PBXContainerItemProxy */ = {
			isa = PBXContainerItemProxy;
			containerPortal = AD6620421AB02E2F005126A6 /* Project object */;
			proxyType = 1;
			remoteGlobalIDString = AD6620491AB02E2F005126A6;
			remoteInfo = "Buisness Lynch";
		};
/* End PBXContainerItemProxy section */

/* Begin PBXFileReference section */
		AD371D051AD552FE00D44BAB /* BLParser.swift */ = {isa = PBXFileReference; fileEncoding = 4; lastKnownFileType = sourcecode.swift; path = BLParser.swift; sourceTree = "<group>"; };
		AD66204A1AB02E2F005126A6 /* Buisness Lynch.app */ = {isa = PBXFileReference; explicitFileType = wrapper.application; includeInIndex = 0; path = "Buisness Lynch.app"; sourceTree = BUILT_PRODUCTS_DIR; };
		AD66204E1AB02E2F005126A6 /* Info.plist */ = {isa = PBXFileReference; lastKnownFileType = text.plist.xml; path = Info.plist; sourceTree = "<group>"; };
		AD66204F1AB02E2F005126A6 /* AppDelegate.swift */ = {isa = PBXFileReference; lastKnownFileType = sourcecode.swift; path = AppDelegate.swift; sourceTree = "<group>"; };
		AD6620541AB02E2F005126A6 /* Base */ = {isa = PBXFileReference; lastKnownFileType = file.storyboard; name = Base; path = Base.lproj/Main.storyboard; sourceTree = "<group>"; };
		AD6620561AB02E2F005126A6 /* Images.xcassets */ = {isa = PBXFileReference; lastKnownFileType = folder.assetcatalog; path = Images.xcassets; sourceTree = "<group>"; };
		AD6620591AB02E2F005126A6 /* Base */ = {isa = PBXFileReference; lastKnownFileType = file.xib; name = Base; path = Base.lproj/LaunchScreen.xib; sourceTree = "<group>"; };
		AD66205F1AB02E30005126A6 /* Buisness LynchTests.xctest */ = {isa = PBXFileReference; explicitFileType = wrapper.cfbundle; includeInIndex = 0; path = "Buisness LynchTests.xctest"; sourceTree = BUILT_PRODUCTS_DIR; };
		AD6620641AB02E30005126A6 /* Info.plist */ = {isa = PBXFileReference; lastKnownFileType = text.plist.xml; path = Info.plist; sourceTree = "<group>"; };
		AD6620651AB02E30005126A6 /* Buisness_LynchTests.swift */ = {isa = PBXFileReference; lastKnownFileType = sourcecode.swift; path = Buisness_LynchTests.swift; sourceTree = "<group>"; };
		AD746EF21AC3267600AB3939 /* BLViewController.swift */ = {isa = PBXFileReference; fileEncoding = 4; lastKnownFileType = sourcecode.swift; path = BLViewController.swift; sourceTree = "<group>"; };
		ADC56F631AC6D200003B2FE0 /* Buisness Lynch-Bridging-Header.h */ = {isa = PBXFileReference; lastKnownFileType = sourcecode.c.h; path = "Buisness Lynch-Bridging-Header.h"; sourceTree = "<group>"; };
		ADC56F641AC6D201003B2FE0 /* TFHpple.h */ = {isa = PBXFileReference; fileEncoding = 4; lastKnownFileType = sourcecode.c.h; path = TFHpple.h; sourceTree = "<group>"; };
		ADC56F651AC6D201003B2FE0 /* TFHpple.m */ = {isa = PBXFileReference; fileEncoding = 4; lastKnownFileType = sourcecode.c.objc; path = TFHpple.m; sourceTree = "<group>"; };
		ADC56F661AC6D201003B2FE0 /* TFHppleElement.h */ = {isa = PBXFileReference; fileEncoding = 4; lastKnownFileType = sourcecode.c.h; path = TFHppleElement.h; sourceTree = "<group>"; };
		ADC56F671AC6D201003B2FE0 /* TFHppleElement.m */ = {isa = PBXFileReference; fileEncoding = 4; lastKnownFileType = sourcecode.c.objc; path = TFHppleElement.m; sourceTree = "<group>"; };
		ADC56F681AC6D201003B2FE0 /* XPathQuery.h */ = {isa = PBXFileReference; fileEncoding = 4; lastKnownFileType = sourcecode.c.h; path = XPathQuery.h; sourceTree = "<group>"; };
		ADC56F691AC6D201003B2FE0 /* XPathQuery.m */ = {isa = PBXFileReference; fileEncoding = 4; lastKnownFileType = sourcecode.c.objc; path = XPathQuery.m; sourceTree = "<group>"; };
		ADC56F6D1AC6D2A6003B2FE0 /* libxml2.dylib */ = {isa = PBXFileReference; lastKnownFileType = "compiled.mach-o.dylib"; name = libxml2.dylib; path = usr/lib/libxml2.dylib; sourceTree = SDKROOT; };
/* End PBXFileReference section */

/* Begin PBXFrameworksBuildPhase section */
		AD6620471AB02E2F005126A6 /* Frameworks */ = {
			isa = PBXFrameworksBuildPhase;
			buildActionMask = 2147483647;
			files = (
				ADC56F6E1AC6D2A6003B2FE0 /* libxml2.dylib in Frameworks */,
			);
			runOnlyForDeploymentPostprocessing = 0;
		};
		AD66205C1AB02E30005126A6 /* Frameworks */ = {
			isa = PBXFrameworksBuildPhase;
			buildActionMask = 2147483647;
			files = (
			);
			runOnlyForDeploymentPostprocessing = 0;
		};
/* End PBXFrameworksBuildPhase section */

/* Begin PBXGroup section */
		AD6620411AB02E2F005126A6 = {
			isa = PBXGroup;
			children = (
				AD66204C1AB02E2F005126A6 /* Buisness Lynch */,
				AD6620621AB02E30005126A6 /* Buisness LynchTests */,
				AD66204B1AB02E2F005126A6 /* Products */,
			);
			sourceTree = "<group>";
		};
		AD66204B1AB02E2F005126A6 /* Products */ = {
			isa = PBXGroup;
			children = (
				AD66204A1AB02E2F005126A6 /* Buisness Lynch.app */,
				AD66205F1AB02E30005126A6 /* Buisness LynchTests.xctest */,
			);
			name = Products;
			sourceTree = "<group>";
		};
		AD66204C1AB02E2F005126A6 /* Buisness Lynch */ = {
			isa = PBXGroup;
			children = (
				AD66204F1AB02E2F005126A6 /* AppDelegate.swift */,
				AD746EF21AC3267600AB3939 /* BLViewController.swift */,
				AD371D051AD552FE00D44BAB /* BLParser.swift */,
				AD6620531AB02E2F005126A6 /* Main.storyboard */,
				AD6620561AB02E2F005126A6 /* Images.xcassets */,
				AD6620581AB02E2F005126A6 /* LaunchScreen.xib */,
				ADC56F621AC6D1DF003B2FE0 /* Hpple */,
				AD66204D1AB02E2F005126A6 /* Supporting Files */,
			);
			path = "Buisness Lynch";
			sourceTree = "<group>";
		};
		AD66204D1AB02E2F005126A6 /* Supporting Files */ = {
			isa = PBXGroup;
			children = (
				ADC56F6D1AC6D2A6003B2FE0 /* libxml2.dylib */,
				ADC56F631AC6D200003B2FE0 /* Buisness Lynch-Bridging-Header.h */,
				AD66204E1AB02E2F005126A6 /* Info.plist */,
			);
			name = "Supporting Files";
			sourceTree = "<group>";
		};
		AD6620621AB02E30005126A6 /* Buisness LynchTests */ = {
			isa = PBXGroup;
			children = (
				AD6620651AB02E30005126A6 /* Buisness_LynchTests.swift */,
				AD6620631AB02E30005126A6 /* Supporting Files */,
			);
			path = "Buisness LynchTests";
			sourceTree = "<group>";
		};
		AD6620631AB02E30005126A6 /* Supporting Files */ = {
			isa = PBXGroup;
			children = (
				AD6620641AB02E30005126A6 /* Info.plist */,
			);
			name = "Supporting Files";
			sourceTree = "<group>";
		};
		ADC56F621AC6D1DF003B2FE0 /* Hpple */ = {
			isa = PBXGroup;
			children = (
				ADC56F641AC6D201003B2FE0 /* TFHpple.h */,
				ADC56F651AC6D201003B2FE0 /* TFHpple.m */,
				ADC56F661AC6D201003B2FE0 /* TFHppleElement.h */,
				ADC56F671AC6D201003B2FE0 /* TFHppleElement.m */,
				ADC56F681AC6D201003B2FE0 /* XPathQuery.h */,
				ADC56F691AC6D201003B2FE0 /* XPathQuery.m */,
			);
			name = Hpple;
			sourceTree = "<group>";
		};
/* End PBXGroup section */

/* Begin PBXNativeTarget section */
		AD6620491AB02E2F005126A6 /* Buisness Lynch */ = {
			isa = PBXNativeTarget;
			buildConfigurationList = AD6620691AB02E30005126A6 /* Build configuration list for PBXNativeTarget "Buisness Lynch" */;
			buildPhases = (
				AD6620461AB02E2F005126A6 /* Sources */,
				AD6620471AB02E2F005126A6 /* Frameworks */,
				AD6620481AB02E2F005126A6 /* Resources */,
			);
			buildRules = (
			);
			dependencies = (
			);
			name = "Buisness Lynch";
			productName = "Buisness Lynch";
			productReference = AD66204A1AB02E2F005126A6 /* Buisness Lynch.app */;
			productType = "com.apple.product-type.application";
		};
		AD66205E1AB02E30005126A6 /* Buisness LynchTests */ = {
			isa = PBXNativeTarget;
			buildConfigurationList = AD66206C1AB02E30005126A6 /* Build configuration list for PBXNativeTarget "Buisness LynchTests" */;
			buildPhases = (
				AD66205B1AB02E30005126A6 /* Sources */,
				AD66205C1AB02E30005126A6 /* Frameworks */,
				AD66205D1AB02E30005126A6 /* Resources */,
			);
			buildRules = (
			);
			dependencies = (
				AD6620611AB02E30005126A6 /* PBXTargetDependency */,
			);
			name = "Buisness LynchTests";
			productName = "Buisness LynchTests";
			productReference = AD66205F1AB02E30005126A6 /* Buisness LynchTests.xctest */;
			productType = "com.apple.product-type.bundle.unit-test";
		};
/* End PBXNativeTarget section */

/* Begin PBXProject section */
		AD6620421AB02E2F005126A6 /* Project object */ = {
			isa = PBXProject;
			attributes = {
				LastUpgradeCheck = 0610;
				ORGANIZATIONNAME = "Ivan Grachev";
				TargetAttributes = {
					AD6620491AB02E2F005126A6 = {
						CreatedOnToolsVersion = 6.1.1;
						DevelopmentTeam = 8DXC3N7E7P;
					};
					AD66205E1AB02E30005126A6 = {
						CreatedOnToolsVersion = 6.1.1;
						TestTargetID = AD6620491AB02E2F005126A6;
					};
				};
			};
			buildConfigurationList = AD6620451AB02E2F005126A6 /* Build configuration list for PBXProject "Buisness Lynch" */;
			compatibilityVersion = "Xcode 3.2";
			developmentRegion = English;
			hasScannedForEncodings = 0;
			knownRegions = (
				en,
				Base,
			);
			mainGroup = AD6620411AB02E2F005126A6;
			productRefGroup = AD66204B1AB02E2F005126A6 /* Products */;
			projectDirPath = "";
			projectRoot = "";
			targets = (
				AD6620491AB02E2F005126A6 /* Buisness Lynch */,
				AD66205E1AB02E30005126A6 /* Buisness LynchTests */,
			);
		};
/* End PBXProject section */

/* Begin PBXResourcesBuildPhase section */
		AD6620481AB02E2F005126A6 /* Resources */ = {
			isa = PBXResourcesBuildPhase;
			buildActionMask = 2147483647;
			files = (
				AD6620551AB02E2F005126A6 /* Main.storyboard in Resources */,
				AD66205A1AB02E2F005126A6 /* LaunchScreen.xib in Resources */,
				AD6620571AB02E2F005126A6 /* Images.xcassets in Resources */,
			);
			runOnlyForDeploymentPostprocessing = 0;
		};
		AD66205D1AB02E30005126A6 /* Resources */ = {
			isa = PBXResourcesBuildPhase;
			buildActionMask = 2147483647;
			files = (
			);
			runOnlyForDeploymentPostprocessing = 0;
		};
/* End PBXResourcesBuildPhase section */

/* Begin PBXSourcesBuildPhase section */
		AD6620461AB02E2F005126A6 /* Sources */ = {
			isa = PBXSourcesBuildPhase;
			buildActionMask = 2147483647;
			files = (
				AD371D061AD552FE00D44BAB /* BLParser.swift in Sources */,
				ADC56F6B1AC6D201003B2FE0 /* TFHppleElement.m in Sources */,
				AD746EF31AC3267600AB3939 /* BLViewController.swift in Sources */,
				ADC56F6C1AC6D201003B2FE0 /* XPathQuery.m in Sources */,
				ADC56F6A1AC6D201003B2FE0 /* TFHpple.m in Sources */,
				AD6620501AB02E2F005126A6 /* AppDelegate.swift in Sources */,
			);
			runOnlyForDeploymentPostprocessing = 0;
		};
		AD66205B1AB02E30005126A6 /* Sources */ = {
			isa = PBXSourcesBuildPhase;
			buildActionMask = 2147483647;
			files = (
				AD6620661AB02E30005126A6 /* Buisness_LynchTests.swift in Sources */,
			);
			runOnlyForDeploymentPostprocessing = 0;
		};
/* End PBXSourcesBuildPhase section */

/* Begin PBXTargetDependency section */
		AD6620611AB02E30005126A6 /* PBXTargetDependency */ = {
			isa = PBXTargetDependency;
			target = AD6620491AB02E2F005126A6 /* Buisness Lynch */;
			targetProxy = AD6620601AB02E30005126A6 /* PBXContainerItemProxy */;
		};
/* End PBXTargetDependency section */

/* Begin PBXVariantGroup section */
		AD6620531AB02E2F005126A6 /* Main.storyboard */ = {
			isa = PBXVariantGroup;
			children = (
				AD6620541AB02E2F005126A6 /* Base */,
			);
			name = Main.storyboard;
			sourceTree = "<group>";
		};
		AD6620581AB02E2F005126A6 /* LaunchScreen.xib */ = {
			isa = PBXVariantGroup;
			children = (
				AD6620591AB02E2F005126A6 /* Base */,
			);
			name = LaunchScreen.xib;
			sourceTree = "<group>";
		};
/* End PBXVariantGroup section */

/* Begin XCBuildConfiguration section */
		AD6620671AB02E30005126A6 /* Debug */ = {
			isa = XCBuildConfiguration;
			buildSettings = {
				ALWAYS_SEARCH_USER_PATHS = NO;
				CLANG_CXX_LANGUAGE_STANDARD = "gnu++0x";
				CLANG_CXX_LIBRARY = "libc++";
				CLANG_ENABLE_MODULES = YES;
				CLANG_ENABLE_OBJC_ARC = YES;
				CLANG_WARN_BOOL_CONVERSION = YES;
				CLANG_WARN_CONSTANT_CONVERSION = YES;
				CLANG_WARN_DIRECT_OBJC_ISA_USAGE = YES_ERROR;
				CLANG_WARN_EMPTY_BODY = YES;
				CLANG_WARN_ENUM_CONVERSION = YES;
				CLANG_WARN_INT_CONVERSION = YES;
				CLANG_WARN_OBJC_ROOT_CLASS = YES_ERROR;
				CLANG_WARN_UNREACHABLE_CODE = YES;
				CLANG_WARN__DUPLICATE_METHOD_MATCH = YES;
				"CODE_SIGN_IDENTITY[sdk=iphoneos*]" = "iPhone Developer";
				COPY_PHASE_STRIP = NO;
				ENABLE_STRICT_OBJC_MSGSEND = YES;
				GCC_C_LANGUAGE_STANDARD = gnu99;
				GCC_DYNAMIC_NO_PIC = NO;
				GCC_OPTIMIZATION_LEVEL = 0;
				GCC_PREPROCESSOR_DEFINITIONS = (
					"DEBUG=1",
					"$(inherited)",
				);
				GCC_SYMBOLS_PRIVATE_EXTERN = NO;
				GCC_WARN_64_TO_32_BIT_CONVERSION = YES;
				GCC_WARN_ABOUT_RETURN_TYPE = YES_ERROR;
				GCC_WARN_UNDECLARED_SELECTOR = YES;
				GCC_WARN_UNINITIALIZED_AUTOS = YES_AGGRESSIVE;
				GCC_WARN_UNUSED_FUNCTION = YES;
				GCC_WARN_UNUSED_VARIABLE = YES;
				IPHONEOS_DEPLOYMENT_TARGET = 8.1;
				MTL_ENABLE_DEBUG_INFO = YES;
				ONLY_ACTIVE_ARCH = YES;
				SDKROOT = iphoneos;
				SWIFT_OPTIMIZATION_LEVEL = "-Onone";
				TARGETED_DEVICE_FAMILY = "1,2";
			};
			name = Debug;
		};
		AD6620681AB02E30005126A6 /* Release */ = {
			isa = XCBuildConfiguration;
			buildSettings = {
				ALWAYS_SEARCH_USER_PATHS = NO;
				CLANG_CXX_LANGUAGE_STANDARD = "gnu++0x";
				CLANG_CXX_LIBRARY = "libc++";
				CLANG_ENABLE_MODULES = YES;
				CLANG_ENABLE_OBJC_ARC = YES;
				CLANG_WARN_BOOL_CONVERSION = YES;
				CLANG_WARN_CONSTANT_CONVERSION = YES;
				CLANG_WARN_DIRECT_OBJC_ISA_USAGE = YES_ERROR;
				CLANG_WARN_EMPTY_BODY = YES;
				CLANG_WARN_ENUM_CONVERSION = YES;
				CLANG_WARN_INT_CONVERSION = YES;
				CLANG_WARN_OBJC_ROOT_CLASS = YES_ERROR;
				CLANG_WARN_UNREACHABLE_CODE = YES;
				CLANG_WARN__DUPLICATE_METHOD_MATCH = YES;
				"CODE_SIGN_IDENTITY[sdk=iphoneos*]" = "iPhone Developer";
				COPY_PHASE_STRIP = YES;
				ENABLE_NS_ASSERTIONS = NO;
				ENABLE_STRICT_OBJC_MSGSEND = YES;
				GCC_C_LANGUAGE_STANDARD = gnu99;
				GCC_WARN_64_TO_32_BIT_CONVERSION = YES;
				GCC_WARN_ABOUT_RETURN_TYPE = YES_ERROR;
				GCC_WARN_UNDECLARED_SELECTOR = YES;
				GCC_WARN_UNINITIALIZED_AUTOS = YES_AGGRESSIVE;
				GCC_WARN_UNUSED_FUNCTION = YES;
				GCC_WARN_UNUSED_VARIABLE = YES;
				IPHONEOS_DEPLOYMENT_TARGET = 8.1;
				MTL_ENABLE_DEBUG_INFO = NO;
				SDKROOT = iphoneos;
				TARGETED_DEVICE_FAMILY = "1,2";
				VALIDATE_PRODUCT = YES;
			};
			name = Release;
		};
		AD66206A1AB02E30005126A6 /* Debug */ = {
			isa = XCBuildConfiguration;
			buildSettings = {
				ASSETCATALOG_COMPILER_APPICON_NAME = AppIcon;
				CLANG_ENABLE_MODULES = YES;
				CODE_SIGN_IDENTITY = "iPhone Developer";
				HEADER_SEARCH_PATHS = "$(SDKROOT)/usr/include/libxml2";
				INFOPLIST_FILE = "Buisness Lynch/Info.plist";
				IPHONEOS_DEPLOYMENT_TARGET = 7.1;
				LD_RUNPATH_SEARCH_PATHS = "$(inherited) @executable_path/Frameworks";
				PRODUCT_NAME = "$(TARGET_NAME)";
				SWIFT_OBJC_BRIDGING_HEADER = "Buisness Lynch/Buisness Lynch-Bridging-Header.h";
				SWIFT_OPTIMIZATION_LEVEL = "-Onone";
			};
			name = Debug;
		};
		AD66206B1AB02E30005126A6 /* Release */ = {
			isa = XCBuildConfiguration;
			buildSettings = {
				ASSETCATALOG_COMPILER_APPICON_NAME = AppIcon;
				CLANG_ENABLE_MODULES = YES;
				CODE_SIGN_IDENTITY = "iPhone Developer";
				HEADER_SEARCH_PATHS = "$(SDKROOT)/usr/include/libxml2";
				INFOPLIST_FILE = "Buisness Lynch/Info.plist";
				IPHONEOS_DEPLOYMENT_TARGET = 7.1;
				LD_RUNPATH_SEARCH_PATHS = "$(inherited) @executable_path/Frameworks";
				PRODUCT_NAME = "$(TARGET_NAME)";
				SWIFT_OBJC_BRIDGING_HEADER = "Buisness Lynch/Buisness Lynch-Bridging-Header.h";
			};
			name = Release;
		};
		AD66206D1AB02E30005126A6 /* Debug */ = {
			isa = XCBuildConfiguration;
			buildSettings = {
				BUNDLE_LOADER = "$(TEST_HOST)";
				FRAMEWORK_SEARCH_PATHS = (
					"$(SDKROOT)/Developer/Library/Frameworks",
					"$(inherited)",
				);
				GCC_PREPROCESSOR_DEFINITIONS = (
					"DEBUG=1",
					"$(inherited)",
				);
				INFOPLIST_FILE = "Buisness LynchTests/Info.plist";
				LD_RUNPATH_SEARCH_PATHS = "$(inherited) @executable_path/Frameworks @loader_path/Frameworks";
				PRODUCT_NAME = "$(TARGET_NAME)";
				TEST_HOST = "$(BUILT_PRODUCTS_DIR)/Buisness Lynch.app/Buisness Lynch";
			};
			name = Debug;
		};
		AD66206E1AB02E30005126A6 /* Release */ = {
			isa = XCBuildConfiguration;
			buildSettings = {
				BUNDLE_LOADER = "$(TEST_HOST)";
				FRAMEWORK_SEARCH_PATHS = (
					"$(SDKROOT)/Developer/Library/Frameworks",
					"$(inherited)",
				);
				INFOPLIST_FILE = "Buisness LynchTests/Info.plist";
				LD_RUNPATH_SEARCH_PATHS = "$(inherited) @executable_path/Frameworks @loader_path/Frameworks";
				PRODUCT_NAME = "$(TARGET_NAME)";
				TEST_HOST = "$(BUILT_PRODUCTS_DIR)/Buisness Lynch.app/Buisness Lynch";
			};
			name = Release;
		};
/* End XCBuildConfiguration section */

/* Begin XCConfigurationList section */
		AD6620451AB02E2F005126A6 /* Build configuration list for PBXProject "Buisness Lynch" */ = {
			isa = XCConfigurationList;
			buildConfigurations = (
				AD6620671AB02E30005126A6 /* Debug */,
				AD6620681AB02E30005126A6 /* Release */,
			);
			defaultConfigurationIsVisible = 0;
			defaultConfigurationName = Release;
		};
		AD6620691AB02E30005126A6 /* Build configuration list for PBXNativeTarget "Buisness Lynch" */ = {
			isa = XCConfigurationList;
			buildConfigurations = (
				AD66206A1AB02E30005126A6 /* Debug */,
				AD66206B1AB02E30005126A6 /* Release */,
			);
			defaultConfigurationIsVisible = 0;
			defaultConfigurationName = Release;
		};
		AD66206C1AB02E30005126A6 /* Build configuration list for PBXNativeTarget "Buisness LynchTests" */ = {
			isa = XCConfigurationList;
			buildConfigurations = (
				AD66206D1AB02E30005126A6 /* Debug */,
				AD66206E1AB02E30005126A6 /* Release */,
			);
			defaultConfigurationIsVisible = 0;
			defaultConfigurationName = Release;
		};
/* End XCConfigurationList section */
	};
	rootObject = AD6620421AB02E2F005126A6 /* Project object */;
}
